
Microsoft Visual Studio Solution File, Format Version 12.00
# Visual Studio Version 16
VisualStudioVersion = 16.0.32126.315
MinimumVisualStudioVersion = 10.0.40219.1
Project("{FAE04EC0-301F-11D3-BF4B-00C04F79EFBC}") = "AtmManagementInterface.Sql", "AtmManagementInterface.Sql\AtmManagementInterface.Sql.csproj", "{4EACA671-825E-424B-A66F-6642124CCE26}"
EndProject
Project("{FAE04EC0-301F-11D3-BF4B-00C04F79EFBC}") = "AtmManagementInterface.Data", "AtmManagementInterface.Data\AtmManagementInterface.Data.csproj", "{B828EA25-F7E6-4D10-B754-744DE5B3154B}"
EndProject
Global
	GlobalSection(SolutionConfigurationPlatforms) = preSolution
		Debug|Any CPU = Debug|Any CPU
		Release|Any CPU = Release|Any CPU
	EndGlobalSection
	GlobalSection(ProjectConfigurationPlatforms) = postSolution
		{4EACA671-825E-424B-A66F-6642124CCE26}.Debug|Any CPU.ActiveCfg = Debug|Any CPU
		{4EACA671-825E-424B-A66F-6642124CCE26}.Debug|Any CPU.Build.0 = Debug|Any CPU
		{4EACA671-825E-424B-A66F-6642124CCE26}.Release|Any CPU.ActiveCfg = Release|Any CPU
		{4EACA671-825E-424B-A66F-6642124CCE26}.Release|Any CPU.Build.0 = Release|Any CPU
		{B828EA25-F7E6-4D10-B754-744DE5B3154B}.Debug|Any CPU.ActiveCfg = Debug|Any CPU
		{B828EA25-F7E6-4D10-B754-744DE5B3154B}.Debug|Any CPU.Build.0 = Debug|Any CPU
		{B828EA25-F7E6-4D10-B754-744DE5B3154B}.Release|Any CPU.ActiveCfg = Release|Any CPU
		{B828EA25-F7E6-4D10-B754-744DE5B3154B}.Release|Any CPU.Build.0 = Release|Any CPU
	EndGlobalSection
	GlobalSection(SolutionProperties) = preSolution
		HideSolutionNode = FALSE
	EndGlobalSection
	GlobalSection(ExtensibilityGlobals) = postSolution
		SolutionGuid = {18748A93-51C4-4693-84F3-7AD8516E446C}
	EndGlobalSection
EndGlobal
